{
  "version": 2,
  "dependencies": {
    "net10.0-windows10.0.17763": {
      "System.Management": {
        "type": "Direct",
        "requested": "[10.0.11, )",
        "resolved": "10.0.11",
        "contentHash": "xyNn8KGbWI88LoUwg3rB8qcpFFST6dr8Ro/qS8GBu2GOwR0v7J82kVFHTiiPtvEKS79VbMTxs/sIKQ+Cq1Zs1g==",
        "dependencies": {
          "System.CodeDom": "10.0.11"
        }
      },
      "System.CodeDom": {
        "type": "Transitive",
        "resolved": "10.0.11",
        "contentHash": "v40pNeBoZTYsiVxz+PzyZmmIr2JIhpK4VsFpQqZSZCXa51PDlNXIN2ESm8kDU0voZYVfLhxF9HvmBsxCJmkiRg=="
      },
      "resodrive.core": {
        "type": "Project"
      }
    }
  }
}